
Microsoft Visual Studio Solution File, Format Version 12.00
# Visual Studio Version 17
VisualStudioVersion = 17.0.31903.59
MinimumVisualStudioVersion = 10.0.40219.1
Project("{2150E333-8FDC-42A3-9474-1A3956D46DE8}") = "src", "src", "{458D1ED6-B7AE-493D-94C4-E12D831A9E1B}"
EndProject
Project("{2150E333-8FDC-42A3-9474-1A3956D46DE8}") = "tests", "tests", "{00607496-5C1F-4E3E-9C4E-77BD1183F4DC}"
EndProject
Project("{FAE04EC0-301F-11D3-BF4B-00C04F79EFBC}") = "Presentation", "Presentation\Presentation.csproj", "{D2C29206-A754-409D-9D61-A5AD7E24BD33}"
EndProject
Global
	GlobalSection(SolutionConfigurationPlatforms) = preSolution
		Debug|Any CPU = Debug|Any CPU
		Release|Any CPU = Release|Any CPU
	EndGlobalSection
	GlobalSection(SolutionProperties) = preSolution
		HideSolutionNode = FALSE
	EndGlobalSection
	GlobalSection(NestedProjects) = preSolution
		{D2C29206-A754-409D-9D61-A5AD7E24BD33} = {458D1ED6-B7AE-493D-94C4-E12D831A9E1B}
	EndGlobalSection
	GlobalSection(ProjectConfigurationPlatforms) = postSolution
		{D2C29206-A754-409D-9D61-A5AD7E24BD33}.Debug|Any CPU.ActiveCfg = Debug|Any CPU
		{D2C29206-A754-409D-9D61-A5AD7E24BD33}.Debug|Any CPU.Build.0 = Debug|Any CPU
		{D2C29206-A754-409D-9D61-A5AD7E24BD33}.Release|Any CPU.ActiveCfg = Release|Any CPU
		{D2C29206-A754-409D-9D61-A5AD7E24BD33}.Release|Any CPU.Build.0 = Release|Any CPU
	EndGlobalSection
EndGlobal
